
Microsoft Visual Studio Solution File, Format Version 12.00
# Visual Studio Version 16
VisualStudioVersion = 16.0.31112.23
MinimumVisualStudioVersion = 10.0.40219.1
Project("{FAE04EC0-301F-11D3-BF4B-00C04F79EFBC}") = "AssignLembda", "AssignLembda\AssignLembda.csproj", "{851CC4E0-C105-46B7-B1C0-D32171D8F0C8}"
EndProject
Global
	GlobalSection(SolutionConfigurationPlatforms) = preSolution
		Debug|Any CPU = Debug|Any CPU
		Release|Any CPU = Release|Any CPU
	EndGlobalSection
	GlobalSection(ProjectConfigurationPlatforms) = postSolution
		{851CC4E0-C105-46B7-B1C0-D32171D8F0C8}.Debug|Any CPU.ActiveCfg = Debug|Any CPU
		{851CC4E0-C105-46B7-B1C0-D32171D8F0C8}.Debug|Any CPU.Build.0 = Debug|Any CPU
		{851CC4E0-C105-46B7-B1C0-D32171D8F0C8}.Release|Any CPU.ActiveCfg = Release|Any CPU
		{851CC4E0-C105-46B7-B1C0-D32171D8F0C8}.Release|Any CPU.Build.0 = Release|Any CPU
	EndGlobalSection
	GlobalSection(SolutionProperties) = preSolution
		HideSolutionNode = FALSE
	EndGlobalSection
	GlobalSection(ExtensibilityGlobals) = postSolution
		SolutionGuid = {6B05FF16-1345-49E9-849A-5F15A14A4300}
	EndGlobalSection
EndGlobal
