
Microsoft Visual Studio Solution File, Format Version 12.00
# Visual Studio Version 16
VisualStudioVersion = 16.0.31112.23
MinimumVisualStudioVersion = 10.0.40219.1
Project("{FAE04EC0-301F-11D3-BF4B-00C04F79EFBC}") = "RealTime2", "RealTime2\RealTime2.csproj", "{57E194EE-52A4-40AF-BBA3-64770C839211}"
EndProject
Global
	GlobalSection(SolutionConfigurationPlatforms) = preSolution
		Debug|Any CPU = Debug|Any CPU
		Release|Any CPU = Release|Any CPU
	EndGlobalSection
	GlobalSection(ProjectConfigurationPlatforms) = postSolution
		{57E194EE-52A4-40AF-BBA3-64770C839211}.Debug|Any CPU.ActiveCfg = Debug|Any CPU
		{57E194EE-52A4-40AF-BBA3-64770C839211}.Debug|Any CPU.Build.0 = Debug|Any CPU
		{57E194EE-52A4-40AF-BBA3-64770C839211}.Release|Any CPU.ActiveCfg = Release|Any CPU
		{57E194EE-52A4-40AF-BBA3-64770C839211}.Release|Any CPU.Build.0 = Release|Any CPU
	EndGlobalSection
	GlobalSection(SolutionProperties) = preSolution
		HideSolutionNode = FALSE
	EndGlobalSection
	GlobalSection(ExtensibilityGlobals) = postSolution
		SolutionGuid = {31921D7D-37EC-4130-9AD7-FC428364E589}
	EndGlobalSection
EndGlobal
